// !$*UTF8*$!
{
	archiveVersion = 1;
	classes = {
	};
	objectVersion = 55;
	objects = {

/* Begin PBXBuildFile section */
		43F1B1AE27B2B700006FA016 /* MotionApp.swift in Sources */ = {isa = PBXBuildFile; fileRef = 43F1B1AD27B2B700006FA016 /* MotionApp.swift */; };
		43F1B1B027B2B700006FA016 /* ContentView.swift in Sources */ = {isa = PBXBuildFile; fileRef = 43F1B1AF27B2B700006FA016 /* ContentView.swift */; };
		43F1B1B227B2B703006FA016 /* Assets.xcassets in Resources */ = {isa = PBXBuildFile; fileRef = 43F1B1B127B2B703006FA016 /* Assets.xcassets */; };
		43F1B1B527B2B703006FA016 /* Preview Assets.xcassets in Resources */ = {isa = PBXBuildFile; fileRef = 43F1B1B427B2B703006FA016 /* Preview Assets.xcassets */; };
		43F1B1BF27B2B703006FA016 /* MotionTests.swift in Sources */ = {isa = PBXBuildFile; fileRef = 43F1B1BE27B2B703006FA016 /* MotionTests.swift */; };
		43F1B1C927B2B703006FA016 /* MotionUITests.swift in Sources */ = {isa = PBXBuildFile; fileRef = 43F1B1C827B2B703006FA016 /* MotionUITests.swift */; };
		43F1B1CB27B2B703006FA016 /* MotionUITestsLaunchTests.swift in Sources */ = {isa = PBXBuildFile; fileRef = 43F1B1CA27B2B703006FA016 /* MotionUITestsLaunchTests.swift */; };
		43F1B1D827B2B768006FA016 /* Particle.swift in Sources */ = {isa = PBXBuildFile; fileRef = 43F1B1D727B2B768006FA016 /* Particle.swift */; };
		43F1B1DA27B2B7EE006FA016 /* ParticleSystem.swift in Sources */ = {isa = PBXBuildFile; fileRef = 43F1B1D927B2B7EE006FA016 /* ParticleSystem.swift */; };
/* End PBXBuildFile section */

/* Begin PBXContainerItemProxy section */
		43F1B1BB27B2B703006FA016 /* PBXContainerItemProxy */ = {
			isa = PBXContainerItemProxy;
			containerPortal = 43F1B1A227B2B700006FA016 /* Project object */;
			proxyType = 1;
			remoteGlobalIDString = 43F1B1A927B2B700006FA016;
			remoteInfo = Motion;
		};
		43F1B1C527B2B703006FA016 /* PBXContainerItemProxy */ = {
			isa = PBXContainerItemProxy;
			containerPortal = 43F1B1A227B2B700006FA016 /* Project object */;
			proxyType = 1;
			remoteGlobalIDString = 43F1B1A927B2B700006FA016;
			remoteInfo = Motion;
		};
/* End PBXContainerItemProxy section */

/* Begin PBXFileReference section */
		43F1B1AA27B2B700006FA016 /* Motion.app */ = {isa = PBXFileReference; explicitFileType = wrapper.application; includeInIndex = 0; path = Motion.app; sourceTree = BUILT_PRODUCTS_DIR; };
		43F1B1AD27B2B700006FA016 /* MotionApp.swift */ = {isa = PBXFileReference; lastKnownFileType = sourcecode.swift; path = MotionApp.swift; sourceTree = "<group>"; };
		43F1B1AF27B2B700006FA016 /* ContentView.swift */ = {isa = PBXFileReference; lastKnownFileType = sourcecode.swift; path = ContentView.swift; sourceTree = "<group>"; };
		43F1B1B127B2B703006FA016 /* Assets.xcassets */ = {isa = PBXFileReference; lastKnownFileType = folder.assetcatalog; path = Assets.xcassets; sourceTree = "<group>"; };
		43F1B1B427B2B703006FA016 /* Preview Assets.xcassets */ = {isa = PBXFileReference; lastKnownFileType = folder.assetcatalog; path = "Preview Assets.xcassets"; sourceTree = "<group>"; };
		43F1B1BA27B2B703006FA016 /* MotionTests.xctest */ = {isa = PBXFileReference; explicitFileType = wrapper.cfbundle; includeInIndex = 0; path = MotionTests.xctest; sourceTree = BUILT_PRODUCTS_DIR; };
		43F1B1BE27B2B703006FA016 /* MotionTests.swift */ = {isa = PBXFileReference; lastKnownFileType = sourcecode.swift; path = MotionTests.swift; sourceTree = "<group>"; };
		43F1B1C427B2B703006FA016 /* MotionUITests.xctest */ = {isa = PBXFileReference; explicitFileType = wrapper.cfbundle; includeInIndex = 0; path = MotionUITests.xctest; sourceTree = BUILT_PRODUCTS_DIR; };
		43F1B1C827B2B703006FA016 /* MotionUITests.swift */ = {isa = PBXFileReference; lastKnownFileType = sourcecode.swift; path = MotionUITests.swift; sourceTree = "<group>"; };
		43F1B1CA27B2B703006FA016 /* MotionUITestsLaunchTests.swift */ = {isa = PBXFileReference; lastKnownFileType = sourcecode.swift; path = MotionUITestsLaunchTests.swift; sourceTree = "<group>"; };
		43F1B1D727B2B768006FA016 /* Particle.swift */ = {isa = PBXFileReference; lastKnownFileType = sourcecode.swift; path = Particle.swift; sourceTree = "<group>"; };
		43F1B1D927B2B7EE006FA016 /* ParticleSystem.swift */ = {isa = PBXFileReference; lastKnownFileType = sourcecode.swift; path = ParticleSystem.swift; sourceTree = "<group>"; };
/* End PBXFileReference section */

/* Begin PBXFrameworksBuildPhase section */
		43F1B1A727B2B700006FA016 /* Frameworks */ = {
			isa = PBXFrameworksBuildPhase;
			buildActionMask = 2147483647;
			files = (
			);
			runOnlyForDeploymentPostprocessing = 0;
		};
		43F1B1B727B2B703006FA016 /* Frameworks */ = {
			isa = PBXFrameworksBuildPhase;
			buildActionMask = 2147483647;
			files = (
			);
			runOnlyForDeploymentPostprocessing = 0;
		};
		43F1B1C127B2B703006FA016 /* Frameworks */ = {
			isa = PBXFrameworksBuildPhase;
			buildActionMask = 2147483647;
			files = (
			);
			runOnlyForDeploymentPostprocessing = 0;
		};
/* End PBXFrameworksBuildPhase section */

/* Begin PBXGroup section */
		43F1B1A127B2B700006FA016 = {
			isa = PBXGroup;
			children = (
				43F1B1AC27B2B700006FA016 /* Motion */,
				43F1B1BD27B2B703006FA016 /* MotionTests */,
				43F1B1C727B2B703006FA016 /* MotionUITests */,
				43F1B1AB27B2B700006FA016 /* Products */,
			);
			sourceTree = "<group>";
		};
		43F1B1AB27B2B700006FA016 /* Products */ = {
			isa = PBXGroup;
			children = (
				43F1B1AA27B2B700006FA016 /* Motion.app */,
				43F1B1BA27B2B703006FA016 /* MotionTests.xctest */,
				43F1B1C427B2B703006FA016 /* MotionUITests.xctest */,
			);
			name = Products;
			sourceTree = "<group>";
		};
		43F1B1AC27B2B700006FA016 /* Motion */ = {
			isa = PBXGroup;
			children = (
				43F1B1AD27B2B700006FA016 /* MotionApp.swift */,
				43F1B1AF27B2B700006FA016 /* ContentView.swift */,
				43F1B1D727B2B768006FA016 /* Particle.swift */,
				43F1B1D927B2B7EE006FA016 /* ParticleSystem.swift */,
				43F1B1B127B2B703006FA016 /* Assets.xcassets */,
				43F1B1B327B2B703006FA016 /* Preview Content */,
			);
			path = Motion;
			sourceTree = "<group>";
		};
		43F1B1B327B2B703006FA016 /* Preview Content */ = {
			isa = PBXGroup;
			children = (
				43F1B1B427B2B703006FA016 /* Preview Assets.xcassets */,
			);
			path = "Preview Content";
			sourceTree = "<group>";
		};
		43F1B1BD27B2B703006FA016 /* MotionTests */ = {
			isa = PBXGroup;
			children = (
				43F1B1BE27B2B703006FA016 /* MotionTests.swift */,
			);
			path = MotionTests;
			sourceTree = "<group>";
		};
		43F1B1C727B2B703006FA016 /* MotionUITests */ = {
			isa = PBXGroup;
			children = (
				43F1B1C827B2B703006FA016 /* MotionUITests.swift */,
				43F1B1CA27B2B703006FA016 /* MotionUITestsLaunchTests.swift */,
			);
			path = MotionUITests;
			sourceTree = "<group>";
		};
/* End PBXGroup section */

/* Begin PBXNativeTarget section */
		43F1B1A927B2B700006FA016 /* Motion */ = {
			isa = PBXNativeTarget;
			buildConfigurationList = 43F1B1CE27B2B703006FA016 /* Build configuration list for PBXNativeTarget "Motion" */;
			buildPhases = (
				43F1B1A627B2B700006FA016 /* Sources */,
				43F1B1A727B2B700006FA016 /* Frameworks */,
				43F1B1A827B2B700006FA016 /* Resources */,
			);
			buildRules = (
			);
			dependencies = (
			);
			name = Motion;
			productName = Motion;
			productReference = 43F1B1AA27B2B700006FA016 /* Motion.app */;
			productType = "com.apple.product-type.application";
		};
		43F1B1B927B2B703006FA016 /* MotionTests */ = {
			isa = PBXNativeTarget;
			buildConfigurationList = 43F1B1D127B2B703006FA016 /* Build configuration list for PBXNativeTarget "MotionTests" */;
			buildPhases = (
				43F1B1B627B2B703006FA016 /* Sources */,
				43F1B1B727B2B703006FA016 /* Frameworks */,
				43F1B1B827B2B703006FA016 /* Resources */,
			);
			buildRules = (
			);
			dependencies = (
				43F1B1BC27B2B703006FA016 /* PBXTargetDependency */,
			);
			name = MotionTests;
			productName = MotionTests;
			productReference = 43F1B1BA27B2B703006FA016 /* MotionTests.xctest */;
			productType = "com.apple.product-type.bundle.unit-test";
		};
		43F1B1C327B2B703006FA016 /* MotionUITests */ = {
			isa = PBXNativeTarget;
			buildConfigurationList = 43F1B1D427B2B703006FA016 /* Build configuration list for PBXNativeTarget "MotionUITests" */;
			buildPhases = (
				43F1B1C027B2B703006FA016 /* Sources */,
				43F1B1C127B2B703006FA016 /* Frameworks */,
				43F1B1C227B2B703006FA016 /* Resources */,
			);
			buildRules = (
			);
			dependencies = (
				43F1B1C627B2B703006FA016 /* PBXTargetDependency */,
			);
			name = MotionUITests;
			productName = MotionUITests;
			productReference = 43F1B1C427B2B703006FA016 /* MotionUITests.xctest */;
			productType = "com.apple.product-type.bundle.ui-testing";
		};
/* End PBXNativeTarget section */

/* Begin PBXProject section */
		43F1B1A227B2B700006FA016 /* Project object */ = {
			isa = PBXProject;
			attributes = {
				BuildIndependentTargetsInParallel = 1;
				LastSwiftUpdateCheck = 1320;
				LastUpgradeCheck = 1320;
				TargetAttributes = {
					43F1B1A927B2B700006FA016 = {
						CreatedOnToolsVersion = 13.2;
					};
					43F1B1B927B2B703006FA016 = {
						CreatedOnToolsVersion = 13.2;
						TestTargetID = 43F1B1A927B2B700006FA016;
					};
					43F1B1C327B2B703006FA016 = {
						CreatedOnToolsVersion = 13.2;
						TestTargetID = 43F1B1A927B2B700006FA016;
					};
				};
			};
			buildConfigurationList = 43F1B1A527B2B700006FA016 /* Build configuration list for PBXProject "Motion" */;
			compatibilityVersion = "Xcode 13.0";
			developmentRegion = en;
			hasScannedForEncodings = 0;
			knownRegions = (
				en,
				Base,
			);
			mainGroup = 43F1B1A127B2B700006FA016;
			productRefGroup = 43F1B1AB27B2B700006FA016 /* Products */;
			projectDirPath = "";
			projectRoot = "";
			targets = (
				43F1B1A927B2B700006FA016 /* Motion */,
				43F1B1B927B2B703006FA016 /* MotionTests */,
				43F1B1C327B2B703006FA016 /* MotionUITests */,
			);
		};
/* End PBXProject section */

/* Begin PBXResourcesBuildPhase section */
		43F1B1A827B2B700006FA016 /* Resources */ = {
			isa = PBXResourcesBuildPhase;
			buildActionMask = 2147483647;
			files = (
				43F1B1B527B2B703006FA016 /* Preview Assets.xcassets in Resources */,
				43F1B1B227B2B703006FA016 /* Assets.xcassets in Resources */,
			);
			runOnlyForDeploymentPostprocessing = 0;
		};
		43F1B1B827B2B703006FA016 /* Resources */ = {
			isa = PBXResourcesBuildPhase;
			buildActionMask = 2147483647;
			files = (
			);
			runOnlyForDeploymentPostprocessing = 0;
		};
		43F1B1C227B2B703006FA016 /* Resources */ = {
			isa = PBXResourcesBuildPhase;
			buildActionMask = 2147483647;
			files = (
			);
			runOnlyForDeploymentPostprocessing = 0;
		};
/* End PBXResourcesBuildPhase section */

/* Begin PBXSourcesBuildPhase section */
		43F1B1A627B2B700006FA016 /* Sources */ = {
			isa = PBXSourcesBuildPhase;
			buildActionMask = 2147483647;
			files = (
				43F1B1DA27B2B7EE006FA016 /* ParticleSystem.swift in Sources */,
				43F1B1B027B2B700006FA016 /* ContentView.swift in Sources */,
				43F1B1D827B2B768006FA016 /* Particle.swift in Sources */,
				43F1B1AE27B2B700006FA016 /* MotionApp.swift in Sources */,
			);
			runOnlyForDeploymentPostprocessing = 0;
		};
		43F1B1B627B2B703006FA016 /* Sources */ = {
			isa = PBXSourcesBuildPhase;
			buildActionMask = 2147483647;
			files = (
				43F1B1BF27B2B703006FA016 /* MotionTests.swift in Sources */,
			);
			runOnlyForDeploymentPostprocessing = 0;
		};
		43F1B1C027B2B703006FA016 /* Sources */ = {
			isa = PBXSourcesBuildPhase;
			buildActionMask = 2147483647;
			files = (
				43F1B1CB27B2B703006FA016 /* MotionUITestsLaunchTests.swift in Sources */,
				43F1B1C927B2B703006FA016 /* MotionUITests.swift in Sources */,
			);
			runOnlyForDeploymentPostprocessing = 0;
		};
/* End PBXSourcesBuildPhase section */

/* Begin PBXTargetDependency section */
		43F1B1BC27B2B703006FA016 /* PBXTargetDependency */ = {
			isa = PBXTargetDependency;
			target = 43F1B1A927B2B700006FA016 /* Motion */;
			targetProxy = 43F1B1BB27B2B703006FA016 /* PBXContainerItemProxy */;
		};
		43F1B1C627B2B703006FA016 /* PBXTargetDependency */ = {
			isa = PBXTargetDependency;
			target = 43F1B1A927B2B700006FA016 /* Motion */;
			targetProxy = 43F1B1C527B2B703006FA016 /* PBXContainerItemProxy */;
		};
/* End PBXTargetDependency section */

/* Begin XCBuildConfiguration section */
		43F1B1CC27B2B703006FA016 /* Debug */ = {
			isa = XCBuildConfiguration;
			buildSettings = {
				ALWAYS_SEARCH_USER_PATHS = NO;
				CLANG_ANALYZER_NONNULL = YES;
				CLANG_ANALYZER_NUMBER_OBJECT_CONVERSION = YES_AGGRESSIVE;
				CLANG_CXX_LANGUAGE_STANDARD = "gnu++17";
				CLANG_CXX_LIBRARY = "libc++";
				CLANG_ENABLE_MODULES = YES;
				CLANG_ENABLE_OBJC_ARC = YES;
				CLANG_ENABLE_OBJC_WEAK = YES;
				CLANG_WARN_BLOCK_CAPTURE_AUTORELEASING = YES;
				CLANG_WARN_BOOL_CONVERSION = YES;
				CLANG_WARN_COMMA = YES;
				CLANG_WARN_CONSTANT_CONVERSION = YES;
				CLANG_WARN_DEPRECATED_OBJC_IMPLEMENTATIONS = YES;
				CLANG_WARN_DIRECT_OBJC_ISA_USAGE = YES_ERROR;
				CLANG_WARN_DOCUMENTATION_COMMENTS = YES;
				CLANG_WARN_EMPTY_BODY = YES;
				CLANG_WARN_ENUM_CONVERSION = YES;
				CLANG_WARN_INFINITE_RECURSION = YES;
				CLANG_WARN_INT_CONVERSION = YES;
				CLANG_WARN_NON_LITERAL_NULL_CONVERSION = YES;
				CLANG_WARN_OBJC_IMPLICIT_RETAIN_SELF = YES;
				CLANG_WARN_OBJC_LITERAL_CONVERSION = YES;
				CLANG_WARN_OBJC_ROOT_CLASS = YES_ERROR;
				CLANG_WARN_QUOTED_INCLUDE_IN_FRAMEWORK_HEADER = YES;
				CLANG_WARN_RANGE_LOOP_ANALYSIS = YES;
				CLANG_WARN_STRICT_PROTOTYPES = YES;
				CLANG_WARN_SUSPICIOUS_MOVE = YES;
				CLANG_WARN_UNGUARDED_AVAILABILITY = YES_AGGRESSIVE;
				CLANG_WARN_UNREACHABLE_CODE = YES;
				CLANG_WARN__DUPLICATE_METHOD_MATCH = YES;
				COPY_PHASE_STRIP = NO;
				DEBUG_INFORMATION_FORMAT = dwarf;
				ENABLE_STRICT_OBJC_MSGSEND = YES;
				ENABLE_TESTABILITY = YES;
				GCC_C_LANGUAGE_STANDARD = gnu11;
				GCC_DYNAMIC_NO_PIC = NO;
				GCC_NO_COMMON_BLOCKS = YES;
				GCC_OPTIMIZATION_LEVEL = 0;
				GCC_PREPROCESSOR_DEFINITIONS = (
					"DEBUG=1",
					"$(inherited)",
				);
				GCC_WARN_64_TO_32_BIT_CONVERSION = YES;
				GCC_WARN_ABOUT_RETURN_TYPE = YES_ERROR;
				GCC_WARN_UNDECLARED_SELECTOR = YES;
				GCC_WARN_UNINITIALIZED_AUTOS = YES_AGGRESSIVE;
				GCC_WARN_UNUSED_FUNCTION = YES;
				GCC_WARN_UNUSED_VARIABLE = YES;
				IPHONEOS_DEPLOYMENT_TARGET = 15.2;
				MTL_ENABLE_DEBUG_INFO = INCLUDE_SOURCE;
				MTL_FAST_MATH = YES;
				ONLY_ACTIVE_ARCH = YES;
				SDKROOT = iphoneos;
				SWIFT_ACTIVE_COMPILATION_CONDITIONS = DEBUG;
				SWIFT_OPTIMIZATION_LEVEL = "-Onone";
			};
			name = Debug;
		};
		43F1B1CD27B2B703006FA016 /* Release */ = {
			isa = XCBuildConfiguration;
			buildSettings = {
				ALWAYS_SEARCH_USER_PATHS = NO;
				CLANG_ANALYZER_NONNULL = YES;
				CLANG_ANALYZER_NUMBER_OBJECT_CONVERSION = YES_AGGRESSIVE;
				CLANG_CXX_LANGUAGE_STANDARD = "gnu++17";
				CLANG_CXX_LIBRARY = "libc++";
				CLANG_ENABLE_MODULES = YES;
				CLANG_ENABLE_OBJC_ARC = YES;
				CLANG_ENABLE_OBJC_WEAK = YES;
				CLANG_WARN_BLOCK_CAPTURE_AUTORELEASING = YES;
				CLANG_WARN_BOOL_CONVERSION = YES;
				CLANG_WARN_COMMA = YES;
				CLANG_WARN_CONSTANT_CONVERSION = YES;
				CLANG_WARN_DEPRECATED_OBJC_IMPLEMENTATIONS = YES;
				CLANG_WARN_DIRECT_OBJC_ISA_USAGE = YES_ERROR;
				CLANG_WARN_DOCUMENTATION_COMMENTS = YES;
				CLANG_WARN_EMPTY_BODY = YES;
				CLANG_WARN_ENUM_CONVERSION = YES;
				CLANG_WARN_INFINITE_RECURSION = YES;
				CLANG_WARN_INT_CONVERSION = YES;
				CLANG_WARN_NON_LITERAL_NULL_CONVERSION = YES;
				CLANG_WARN_OBJC_IMPLICIT_RETAIN_SELF = YES;
				CLANG_WARN_OBJC_LITERAL_CONVERSION = YES;
				CLANG_WARN_OBJC_ROOT_CLASS = YES_ERROR;
				CLANG_WARN_QUOTED_INCLUDE_IN_FRAMEWORK_HEADER = YES;
				CLANG_WARN_RANGE_LOOP_ANALYSIS = YES;
				CLANG_WARN_STRICT_PROTOTYPES = YES;
				CLANG_WARN_SUSPICIOUS_MOVE = YES;
				CLANG_WARN_UNGUARDED_AVAILABILITY = YES_AGGRESSIVE;
				CLANG_WARN_UNREACHABLE_CODE = YES;
				CLANG_WARN__DUPLICATE_METHOD_MATCH = YES;
				COPY_PHASE_STRIP = NO;
				DEBUG_INFORMATION_FORMAT = "dwarf-with-dsym";
				ENABLE_NS_ASSERTIONS = NO;
				ENABLE_STRICT_OBJC_MSGSEND = YES;
				GCC_C_LANGUAGE_STANDARD = gnu11;
				GCC_NO_COMMON_BLOCKS = YES;
				GCC_WARN_64_TO_32_BIT_CONVERSION = YES;
				GCC_WARN_ABOUT_RETURN_TYPE = YES_ERROR;
				GCC_WARN_UNDECLARED_SELECTOR = YES;
				GCC_WARN_UNINITIALIZED_AUTOS = YES_AGGRESSIVE;
				GCC_WARN_UNUSED_FUNCTION = YES;
				GCC_WARN_UNUSED_VARIABLE = YES;
				IPHONEOS_DEPLOYMENT_TARGET = 15.2;
				MTL_ENABLE_DEBUG_INFO = NO;
				MTL_FAST_MATH = YES;
				SDKROOT = iphoneos;
				SWIFT_COMPILATION_MODE = wholemodule;
				SWIFT_OPTIMIZATION_LEVEL = "-O";
				VALIDATE_PRODUCT = YES;
			};
			name = Release;
		};
		43F1B1CF27B2B703006FA016 /* Debug */ = {
			isa = XCBuildConfiguration;
			buildSettings = {
				ASSETCATALOG_COMPILER_APPICON_NAME = AppIcon;
				ASSETCATALOG_COMPILER_GLOBAL_ACCENT_COLOR_NAME = AccentColor;
				CODE_SIGN_STYLE = Automatic;
				CURRENT_PROJECT_VERSION = 1;
				DEVELOPMENT_ASSET_PATHS = "\"Motion/Preview Content\"";
				DEVELOPMENT_TEAM = 78ZTGHX497;
				ENABLE_PREVIEWS = YES;
				GENERATE_INFOPLIST_FILE = YES;
				INFOPLIST_KEY_UIApplicationSceneManifest_Generation = YES;
				INFOPLIST_KEY_UIApplicationSupportsIndirectInputEvents = YES;
				INFOPLIST_KEY_UILaunchScreen_Generation = YES;
				INFOPLIST_KEY_UISupportedInterfaceOrientations_iPad = "UIInterfaceOrientationPortrait UIInterfaceOrientationPortraitUpsideDown UIInterfaceOrientationLandscapeLeft UIInterfaceOrientationLandscapeRight";
				INFOPLIST_KEY_UISupportedInterfaceOrientations_iPhone = "UIInterfaceOrientationPortrait UIInterfaceOrientationLandscapeLeft UIInterfaceOrientationLandscapeRight";
				LD_RUNPATH_SEARCH_PATHS = (
					"$(inherited)",
					"@executable_path/Frameworks",
				);
				MARKETING_VERSION = 1.0;
				PRODUCT_BUNDLE_IDENTIFIER = com.isabelbriant.Motion;
				PRODUCT_NAME = "$(TARGET_NAME)";
				SWIFT_EMIT_LOC_STRINGS = YES;
				SWIFT_VERSION = 5.0;
				TARGETED_DEVICE_FAMILY = "1,2";
			};
			name = Debug;
		};
		43F1B1D027B2B703006FA016 /* Release */ = {
			isa = XCBuildConfiguration;
			buildSettings = {
				ASSETCATALOG_COMPILER_APPICON_NAME = AppIcon;
				ASSETCATALOG_COMPILER_GLOBAL_ACCENT_COLOR_NAME = AccentColor;
				CODE_SIGN_STYLE = Automatic;
				CURRENT_PROJECT_VERSION = 1;
				DEVELOPMENT_ASSET_PATHS = "\"Motion/Preview Content\"";
				DEVELOPMENT_TEAM = 78ZTGHX497;
				ENABLE_PREVIEWS = YES;
				GENERATE_INFOPLIST_FILE = YES;
				INFOPLIST_KEY_UIApplicationSceneManifest_Generation = YES;
				INFOPLIST_KEY_UIApplicationSupportsIndirectInputEvents = YES;
				INFOPLIST_KEY_UILaunchScreen_Generation = YES;
				INFOPLIST_KEY_UISupportedInterfaceOrientations_iPad = "UIInterfaceOrientationPortrait UIInterfaceOrientationPortraitUpsideDown UIInterfaceOrientationLandscapeLeft UIInterfaceOrientationLandscapeRight";
				INFOPLIST_KEY_UISupportedInterfaceOrientations_iPhone = "UIInterfaceOrientationPortrait UIInterfaceOrientationLandscapeLeft UIInterfaceOrientationLandscapeRight";
				LD_RUNPATH_SEARCH_PATHS = (
					"$(inherited)",
					"@executable_path/Frameworks",
				);
				MARKETING_VERSION = 1.0;
				PRODUCT_BUNDLE_IDENTIFIER = com.isabelbriant.Motion;
				PRODUCT_NAME = "$(TARGET_NAME)";
				SWIFT_EMIT_LOC_STRINGS = YES;
				SWIFT_VERSION = 5.0;
				TARGETED_DEVICE_FAMILY = "1,2";
			};
			name = Release;
		};
		43F1B1D227B2B703006FA016 /* Debug */ = {
			isa = XCBuildConfiguration;
			buildSettings = {
				ALWAYS_EMBED_SWIFT_STANDARD_LIBRARIES = YES;
				BUNDLE_LOADER = "$(TEST_HOST)";
				CODE_SIGN_STYLE = Automatic;
				CURRENT_PROJECT_VERSION = 1;
				DEVELOPMENT_TEAM = 78ZTGHX497;
				GENERATE_INFOPLIST_FILE = YES;
				IPHONEOS_DEPLOYMENT_TARGET = 15.2;
				MARKETING_VERSION = 1.0;
				PRODUCT_BUNDLE_IDENTIFIER = com.isabelbriant.MotionTests;
				PRODUCT_NAME = "$(TARGET_NAME)";
				SWIFT_EMIT_LOC_STRINGS = NO;
				SWIFT_VERSION = 5.0;
				TARGETED_DEVICE_FAMILY = "1,2";
				TEST_HOST = "$(BUILT_PRODUCTS_DIR)/Motion.app/Motion";
			};
			name = Debug;
		};
		43F1B1D327B2B703006FA016 /* Release */ = {
			isa = XCBuildConfiguration;
			buildSettings = {
				ALWAYS_EMBED_SWIFT_STANDARD_LIBRARIES = YES;
				BUNDLE_LOADER = "$(TEST_HOST)";
				CODE_SIGN_STYLE = Automatic;
				CURRENT_PROJECT_VERSION = 1;
				DEVELOPMENT_TEAM = 78ZTGHX497;
				GENERATE_INFOPLIST_FILE = YES;
				IPHONEOS_DEPLOYMENT_TARGET = 15.2;
				MARKETING_VERSION = 1.0;
				PRODUCT_BUNDLE_IDENTIFIER = com.isabelbriant.MotionTests;
				PRODUCT_NAME = "$(TARGET_NAME)";
				SWIFT_EMIT_LOC_STRINGS = NO;
				SWIFT_VERSION = 5.0;
				TARGETED_DEVICE_FAMILY = "1,2";
				TEST_HOST = "$(BUILT_PRODUCTS_DIR)/Motion.app/Motion";
			};
			name = Release;
		};
		43F1B1D527B2B703006FA016 /* Debug */ = {
			isa = XCBuildConfiguration;
			buildSettings = {
				ALWAYS_EMBED_SWIFT_STANDARD_LIBRARIES = YES;
				CODE_SIGN_STYLE = Automatic;
				CURRENT_PROJECT_VERSION = 1;
				DEVELOPMENT_TEAM = 78ZTGHX497;
				GENERATE_INFOPLIST_FILE = YES;
				MARKETING_VERSION = 1.0;
				PRODUCT_BUNDLE_IDENTIFIER = com.isabelbriant.MotionUITests;
				PRODUCT_NAME = "$(TARGET_NAME)";
				SWIFT_EMIT_LOC_STRINGS = NO;
				SWIFT_VERSION = 5.0;
				TARGETED_DEVICE_FAMILY = "1,2";
				TEST_TARGET_NAME = Motion;
			};
			name = Debug;
		};
		43F1B1D627B2B703006FA016 /* Release */ = {
			isa = XCBuildConfiguration;
			buildSettings = {
				ALWAYS_EMBED_SWIFT_STANDARD_LIBRARIES = YES;
				CODE_SIGN_STYLE = Automatic;
				CURRENT_PROJECT_VERSION = 1;
				DEVELOPMENT_TEAM = 78ZTGHX497;
				GENERATE_INFOPLIST_FILE = YES;
				MARKETING_VERSION = 1.0;
				PRODUCT_BUNDLE_IDENTIFIER = com.isabelbriant.MotionUITests;
				PRODUCT_NAME = "$(TARGET_NAME)";
				SWIFT_EMIT_LOC_STRINGS = NO;
				SWIFT_VERSION = 5.0;
				TARGETED_DEVICE_FAMILY = "1,2";
				TEST_TARGET_NAME = Motion;
			};
			name = Release;
		};
/* End XCBuildConfiguration section */

/* Begin XCConfigurationList section */
		43F1B1A527B2B700006FA016 /* Build configuration list for PBXProject "Motion" */ = {
			isa = XCConfigurationList;
			buildConfigurations = (
				43F1B1CC27B2B703006FA016 /* Debug */,
				43F1B1CD27B2B703006FA016 /* Release */,
			);
			defaultConfigurationIsVisible = 0;
			defaultConfigurationName = Release;
		};
		43F1B1CE27B2B703006FA016 /* Build configuration list for PBXNativeTarget "Motion" */ = {
			isa = XCConfigurationList;
			buildConfigurations = (
				43F1B1CF27B2B703006FA016 /* Debug */,
				43F1B1D027B2B703006FA016 /* Release */,
			);
			defaultConfigurationIsVisible = 0;
			defaultConfigurationName = Release;
		};
		43F1B1D127B2B703006FA016 /* Build configuration list for PBXNativeTarget "MotionTests" */ = {
			isa = XCConfigurationList;
			buildConfigurations = (
				43F1B1D227B2B703006FA016 /* Debug */,
				43F1B1D327B2B703006FA016 /* Release */,
			);
			defaultConfigurationIsVisible = 0;
			defaultConfigurationName = Release;
		};
		43F1B1D427B2B703006FA016 /* Build configuration list for PBXNativeTarget "MotionUITests" */ = {
			isa = XCConfigurationList;
			buildConfigurations = (
				43F1B1D527B2B703006FA016 /* Debug */,
				43F1B1D627B2B703006FA016 /* Release */,
			);
			defaultConfigurationIsVisible = 0;
			defaultConfigurationName = Release;
		};
/* End XCConfigurationList section */
	};
	rootObject = 43F1B1A227B2B700006FA016 /* Project object */;
}
